
Microsoft Visual Studio Solution File, Format Version 12.00
# Visual Studio Version 16
VisualStudioVersion = 16.0.30621.155
MinimumVisualStudioVersion = 10.0.40219.1
Project("{FAE04EC0-301F-11D3-BF4B-00C04F79EFBC}") = "Exercício 3", "Exercício 3\Exercício 3.csproj", "{8D68B597-0066-4495-8474-BF0E2ABCD79E}"
EndProject
Global
	GlobalSection(SolutionConfigurationPlatforms) = preSolution
		Debug|Any CPU = Debug|Any CPU
		Release|Any CPU = Release|Any CPU
	EndGlobalSection
	GlobalSection(ProjectConfigurationPlatforms) = postSolution
		{8D68B597-0066-4495-8474-BF0E2ABCD79E}.Debug|Any CPU.ActiveCfg = Debug|Any CPU
		{8D68B597-0066-4495-8474-BF0E2ABCD79E}.Debug|Any CPU.Build.0 = Debug|Any CPU
		{8D68B597-0066-4495-8474-BF0E2ABCD79E}.Release|Any CPU.ActiveCfg = Release|Any CPU
		{8D68B597-0066-4495-8474-BF0E2ABCD79E}.Release|Any CPU.Build.0 = Release|Any CPU
	EndGlobalSection
	GlobalSection(SolutionProperties) = preSolution
		HideSolutionNode = FALSE
	EndGlobalSection
	GlobalSection(ExtensibilityGlobals) = postSolution
		SolutionGuid = {4610E9D5-A135-40BB-B278-9269F42B7FD3}
	EndGlobalSection
EndGlobal
